<?xml version="1.0" encoding="utf-8"?>
<Project ToolsVersion="4.0" xmlns="http://schemas.microsoft.com/developer/msbuild/2003">
  <ItemGroup>
    <Filter Include="Source Files">
      <UniqueIdentifier>{4FC737F1-C7A5-4376-A066-2A32D752A2FF}</UniqueIdentifier>
      <Extensions>cpp;c;cc;cxx;def;odl;idl;hpj;bat;asm;asmx</Extensions>
    </Filter>
    <Filter Include="Header Files">
      <UniqueIdentifier>{93995380-89BD-4b04-88EB-625FBE52EBFB}</UniqueIdentifier>
      <Extensions>h;hh;hpp;hxx;hm;inl;inc;ipp;xsd</Extensions>
    </Filter>
    <Filter Include="Resource Files">
      <UniqueIdentifier>{67DA6AB6-F800-4c08-8B7A-83BB121AAD01}</UniqueIdentifier>
      <Extensions>rc;ico;cur;bmp;dlg;rc2;rct;bin;rgs;gif;jpg;jpeg;jpe;resx;tiff;tif;png;wav;mfcribbon-ms</Extensions>
    </Filter>
  </ItemGroup>
  <ItemGroup>
    <ClInclude Include="MFCApp3.h">
      <Filter>Header Files</Filter>
    </ClInclude>
    <ClInclude Include="MFCApp3Dlg.h">
      <Filter>Header Files</Filter>
    </ClInclude>
    <ClInclude Include="stdafx.h">
      <Filter>Header Files</Filter>
    </ClInclude>
    <ClInclude Include="targetver.h">
      <Filter>Header Files</Filter>
    </ClInclude>
    <ClInclude Include="Resource.h">
      <Filter>Header Files</Filter>
    </ClInclude>
    <ClInclude Include="myconnectorclassDB.h">
      <Filter>Header Files</Filter>
    </ClInclude>
    <ClInclude Include="EWApp.h">
      <Filter>Header Files</Filter>
    </ClInclude>
    <ClInclude Include="AttEmail.h">
      <Filter>Header Files</Filter>
    </ClInclude>
    <ClInclude Include="SWApp.h">
      <Filter>Header Files</Filter>
    </ClInclude>
    <ClInclude Include="COAccount.h">
      <Filter>Header Files</Filter>
    </ClInclude>
    <ClInclude Include="PrintsWindow.h">
      <Filter>Header Files</Filter>
    </ClInclude>
    <ClInclude Include="SetQuantity.h">
      <Filter>Header Files</Filter>
    </ClInclude>
    <ClInclude Include="Purchases.h">
      <Filter>Header Files</Filter>
    </ClInclude>
    <ClInclude Include="CoursesW.h">
      <Filter>Header Files</Filter>
    </ClInclude>
    <ClInclude Include="Addmoney.h">
      <Filter>Header Files</Filter>
    </ClInclude>
    <ClInclude Include="CompTech.h">
      <Filter>Header Files</Filter>
    </ClInclude>
    <ClInclude Include="RegisterStd.h">
      <Filter>Header Files</Filter>
    </ClInclude>
    <ClInclude Include="AddProducts.h">
      <Filter>Header Files</Filter>
    </ClInclude>
  </ItemGroup>
  <ItemGroup>
    <ClCompile Include="MFCApp3.cpp">
      <Filter>Source Files</Filter>
    </ClCompile>
    <ClCompile Include="MFCApp3Dlg.cpp">
      <Filter>Source Files</Filter>
    </ClCompile>
    <ClCompile Include="stdafx.cpp">
      <Filter>Source Files</Filter>
    </ClCompile>
    <ClCompile Include="myconnectorclassDB.cpp">
      <Filter>Source Files</Filter>
    </ClCompile>
    <ClCompile Include="EWApp.cpp">
      <Filter>Source Files</Filter>
    </ClCompile>
    <ClCompile Include="AttEmail.cpp">
      <Filter>Source Files</Filter>
    </ClCompile>
    <ClCompile Include="SWApp.cpp">
      <Filter>Source Files</Filter>
    </ClCompile>
    <ClCompile Include="COAccount.cpp">
      <Filter>Source Files</Filter>
    </ClCompile>
    <ClCompile Include="PrintsWindow.cpp">
      <Filter>Source Files</Filter>
    </ClCompile>
    <ClCompile Include="SetQuantity.cpp">
      <Filter>Source Files</Filter>
    </ClCompile>
    <ClCompile Include="Purchases.cpp">
      <Filter>Source Files</Filter>
    </ClCompile>
    <ClCompile Include="CoursesW.cpp">
      <Filter>Source Files</Filter>
    </ClCompile>
    <ClCompile Include="Addmoney.cpp">
      <Filter>Source Files</Filter>
    </ClCompile>
    <ClCompile Include="CompTech.cpp">
      <Filter>Source Files</Filter>
    </ClCompile>
    <ClCompile Include="RegisterStd.cpp">
      <Filter>Source Files</Filter>
    </ClCompile>
    <ClCompile Include="AddProducts.cpp">
      <Filter>Source Files</Filter>
    </ClCompile>
  </ItemGroup>
  <ItemGroup>
    <ResourceCompile Include="MFCApp3.rc">
      <Filter>Resource Files</Filter>
    </ResourceCompile>
  </ItemGroup>
  <ItemGroup>
    <None Include="res\MFCApp3.rc2">
      <Filter>Resource Files</Filter>
    </None>
  </ItemGroup>
  <ItemGroup>
    <Image Include="res\MFCApp3.ico">
      <Filter>Resource Files</Filter>
    </Image>
  </ItemGroup>
</Project>